
Microsoft Visual Studio Solution File, Format Version 12.00
# Visual Studio Version 17
VisualStudioVersion = 17.9.34723.18
MinimumVisualStudioVersion = 10.0.40219.1
Project("{9A19103F-16F7-4668-BE54-9A1E7A4F7556}") = "BulkyWeb", "BulkyWeb\BulkyWeb.csproj", "{AE75A0FA-4DB2-4F59-A6BA-461AD74285AB}"
EndProject
Project("{9A19103F-16F7-4668-BE54-9A1E7A4F7556}") = "BulkyRazor_Temp", "BulkyRazor_Temp\BulkyRazor_Temp.csproj", "{5286655D-5923-4823-827E-7CF75FF44223}"
EndProject
Global
	GlobalSection(SolutionConfigurationPlatforms) = preSolution
		Debug|Any CPU = Debug|Any CPU
		Release|Any CPU = Release|Any CPU
	EndGlobalSection
	GlobalSection(ProjectConfigurationPlatforms) = postSolution
		{AE75A0FA-4DB2-4F59-A6BA-461AD74285AB}.Debug|Any CPU.ActiveCfg = Debug|Any CPU
		{AE75A0FA-4DB2-4F59-A6BA-461AD74285AB}.Debug|Any CPU.Build.0 = Debug|Any CPU
		{AE75A0FA-4DB2-4F59-A6BA-461AD74285AB}.Release|Any CPU.ActiveCfg = Release|Any CPU
		{AE75A0FA-4DB2-4F59-A6BA-461AD74285AB}.Release|Any CPU.Build.0 = Release|Any CPU
		{5286655D-5923-4823-827E-7CF75FF44223}.Debug|Any CPU.ActiveCfg = Debug|Any CPU
		{5286655D-5923-4823-827E-7CF75FF44223}.Debug|Any CPU.Build.0 = Debug|Any CPU
		{5286655D-5923-4823-827E-7CF75FF44223}.Release|Any CPU.ActiveCfg = Release|Any CPU
		{5286655D-5923-4823-827E-7CF75FF44223}.Release|Any CPU.Build.0 = Release|Any CPU
	EndGlobalSection
	GlobalSection(SolutionProperties) = preSolution
		HideSolutionNode = FALSE
	EndGlobalSection
	GlobalSection(ExtensibilityGlobals) = postSolution
		SolutionGuid = {AA538D4A-1318-41F3-BEB7-F6F222C1C0D5}
	EndGlobalSection
EndGlobal
